// !$*UTF8*$!
{
	archiveVersion = 1;
	classes = {
	};
	objectVersion = 55;
	objects = {

/* Begin PBXGroup section */
		CE1DD26A28057AC500561102 = {
			isa = PBXGroup;
			children = (
			);
			sourceTree = "<group>";
		};
/* End PBXGroup section */

/* Begin PBXProject section */
		CE1DD26B28057AC500561102 /* Project object */ = {
			isa = PBXProject;
			attributes = {
				BuildIndependentTargetsInParallel = 1;
				LastUpgradeCheck = 1330;
			};
			buildConfigurationList = CE1DD26E28057AC500561102 /* Build configuration list for PBXProject "output" */;
			compatibilityVersion = "Xcode 13.0";
			developmentRegion = en;
			hasScannedForEncodings = 0;
			knownRegions = (
				en,
				Base,
			);
			mainGroup = CE1DD26A28057AC500561102;
			projectDirPath = "";
			projectRoot = "";
			targets = (
			);
		};
/* End PBXProject section */

/* Begin XCBuildConfiguration section */
		CE1DD26F28057AC500561102 /* Debug */ = {
			isa = XCBuildConfiguration;
			buildSettings = {
			};
			name = Debug;
		};
		CE1DD27028057AC500561102 /* Release */ = {
			isa = XCBuildConfiguration;
			buildSettings = {
			};
			name = Release;
		};
/* End XCBuildConfiguration section */

/* Begin XCConfigurationList section */
		CE1DD26E28057AC500561102 /* Build configuration list for PBXProject "output" */ = {
			isa = XCConfigurationList;
			buildConfigurations = (
				CE1DD26F28057AC500561102 /* Debug */,
				CE1DD27028057AC500561102 /* Release */,
			);
			defaultConfigurationIsVisible = 0;
			defaultConfigurationName = Release;
		};
/* End XCConfigurationList section */
	};
	rootObject = CE1DD26B28057AC500561102 /* Project object */;
}
